gitlab.com/poldi1405/go-ansi v1.1.0 h1:BrWoD9TivJKjdnQUwiHVzyqAemDiRpDVBCbbNOPoySQ=
gitlab.com/poldi1405/go-ansi v1.1.0/go.mod h1:TLoRttGdPaq5H2qfF7I1cC5Lt2WXtQeIkFurjbUf6OI=
gitlab.com/poldi1405/go-indicators v0.0.0-20200820134929-9b373aa411a5/go.mod h1:jn34qwBiXTHz73wD9neAMeJGCeMijVro+WCqk1RJXL4=
